// !$*UTF8*$!
{
	archiveVersion = 1;
	classes = {
	};
	objectVersion = 46;
	objects = {

/* Begin PBXBuildFile section */
		A1C4C4631543EEFF00566FCD /* UIKit.framework in Frameworks */ = {isa = PBXBuildFile; fileRef = A1C4C4621543EEFF00566FCD /* UIKit.framework */; };
		A1C4C4651543EEFF00566FCD /* Foundation.framework in Frameworks */ = {isa = PBXBuildFile; fileRef = A1C4C4641543EEFF00566FCD /* Foundation.framework */; };
		A1C4C4671543EEFF00566FCD /* CoreGraphics.framework in Frameworks */ = {isa = PBXBuildFile; fileRef = A1C4C4661543EEFF00566FCD /* CoreGraphics.framework */; };
		A1C4C46D1543EEFF00566FCD /* InfoPlist.strings in Resources */ = {isa = PBXBuildFile; fileRef = A1C4C46B1543EEFF00566FCD /* InfoPlist.strings */; };
		A1C4C46F1543EEFF00566FCD /* main.m in Sources */ = {isa = PBXBuildFile; fileRef = A1C4C46E1543EEFF00566FCD /* main.m */; };
		A1C4C4731543EEFF00566FCD /* AppDelegate.m in Sources */ = {isa = PBXBuildFile; fileRef = A1C4C4721543EEFF00566FCD /* AppDelegate.m */; };
		A1C4C47C1543EF6000566FCD /* FirstRootViewController.m in Sources */ = {isa = PBXBuildFile; fileRef = A1C4C47A1543EF6000566FCD /* FirstRootViewController.m */; };
		A1C4C47D1543EF6000566FCD /* FirstRootViewController.xib in Resources */ = {isa = PBXBuildFile; fileRef = A1C4C47B1543EF6000566FCD /* FirstRootViewController.xib */; };
		A1C4C4811543F3B400566FCD /* SingleQuestionViewController.m in Sources */ = {isa = PBXBuildFile; fileRef = A1C4C47F1543F3B400566FCD /* SingleQuestionViewController.m */; };
		A1C4C4821543F3B400566FCD /* SingleQuestionViewController.xib in Resources */ = {isa = PBXBuildFile; fileRef = A1C4C4801543F3B400566FCD /* SingleQuestionViewController.xib */; };
		A1C4C4851543F42200566FCD /* TempTableViewController.m in Sources */ = {isa = PBXBuildFile; fileRef = A1C4C4841543F42200566FCD /* TempTableViewController.m */; };
		A1C4C48E1543FAC200566FCD /* QuestionHeaderView.m in Sources */ = {isa = PBXBuildFile; fileRef = A1C4C48D1543FAC200566FCD /* QuestionHeaderView.m */; };
		A1C4C4901543FADA00566FCD /* QuestionHeaderView.xib in Resources */ = {isa = PBXBuildFile; fileRef = A1C4C48F1543FAD900566FCD /* QuestionHeaderView.xib */; };
		A1C4C4931543FEA500566FCD /* AnswerTableViewCell.m in Sources */ = {isa = PBXBuildFile; fileRef = A1C4C4921543FEA500566FCD /* AnswerTableViewCell.m */; };
		A1C4C4951543FEC700566FCD /* AnswerTableViewCell.xib in Resources */ = {isa = PBXBuildFile; fileRef = A1C4C4941543FEC700566FCD /* AnswerTableViewCell.xib */; };
		A1C4C4A4154410A700566FCD /* CustomNavigationBar.m in Sources */ = {isa = PBXBuildFile; fileRef = A1C4C4A3154410A700566FCD /* CustomNavigationBar.m */; };
		A1C4C4A71544114100566FCD /* bar_button.png in Resources */ = {isa = PBXBuildFile; fileRef = A1C4C4A61544114100566FCD /* bar_button.png */; };
/* End PBXBuildFile section */

/* Begin PBXFileReference section */
		A1C4C45E1543EEFF00566FCD /* ZhaoJieKou.app */ = {isa = PBXFileReference; explicitFileType = wrapper.application; includeInIndex = 0; path = ZhaoJieKou.app; sourceTree = BUILT_PRODUCTS_DIR; };
		A1C4C4621543EEFF00566FCD /* UIKit.framework */ = {isa = PBXFileReference; lastKnownFileType = wrapper.framework; name = UIKit.framework; path = System/Library/Frameworks/UIKit.framework; sourceTree = SDKROOT; };
		A1C4C4641543EEFF00566FCD /* Foundation.framework */ = {isa = PBXFileReference; lastKnownFileType = wrapper.framework; name = Foundation.framework; path = System/Library/Frameworks/Foundation.framework; sourceTree = SDKROOT; };
		A1C4C4661543EEFF00566FCD /* CoreGraphics.framework */ = {isa = PBXFileReference; lastKnownFileType = wrapper.framework; name = CoreGraphics.framework; path = System/Library/Frameworks/CoreGraphics.framework; sourceTree = SDKROOT; };
		A1C4C46A1543EEFF00566FCD /* ZhaoJieKou-Info.plist */ = {isa = PBXFileReference; lastKnownFileType = text.plist.xml; path = "ZhaoJieKou-Info.plist"; sourceTree = "<group>"; };
		A1C4C46C1543EEFF00566FCD /* en */ = {isa = PBXFileReference; lastKnownFileType = text.plist.strings; name = en; path = en.lproj/InfoPlist.strings; sourceTree = "<group>"; };
		A1C4C46E1543EEFF00566FCD /* main.m */ = {isa = PBXFileReference; lastKnownFileType = sourcecode.c.objc; path = main.m; sourceTree = "<group>"; };
		A1C4C4701543EEFF00566FCD /* ZhaoJieKou-Prefix.pch */ = {isa = PBXFileReference; lastKnownFileType = sourcecode.c.h; path = "ZhaoJieKou-Prefix.pch"; sourceTree = "<group>"; };
		A1C4C4711543EEFF00566FCD /* AppDelegate.h */ = {isa = PBXFileReference; lastKnownFileType = sourcecode.c.h; path = AppDelegate.h; sourceTree = "<group>"; };
		A1C4C4721543EEFF00566FCD /* AppDelegate.m */ = {isa = PBXFileReference; lastKnownFileType = sourcecode.c.objc; path = AppDelegate.m; sourceTree = "<group>"; };
		A1C4C4791543EF6000566FCD /* FirstRootViewController.h */ = {isa = PBXFileReference; fileEncoding = 4; lastKnownFileType = sourcecode.c.h; path = FirstRootViewController.h; sourceTree = "<group>"; };
		A1C4C47A1543EF6000566FCD /* FirstRootViewController.m */ = {isa = PBXFileReference; fileEncoding = 4; lastKnownFileType = sourcecode.c.objc; path = FirstRootViewController.m; sourceTree = "<group>"; };
		A1C4C47B1543EF6000566FCD /* FirstRootViewController.xib */ = {isa = PBXFileReference; fileEncoding = 4; lastKnownFileType = file.xib; path = FirstRootViewController.xib; sourceTree = "<group>"; };
		A1C4C47E1543F3B400566FCD /* SingleQuestionViewController.h */ = {isa = PBXFileReference; fileEncoding = 4; lastKnownFileType = sourcecode.c.h; path = SingleQuestionViewController.h; sourceTree = "<group>"; };
		A1C4C47F1543F3B400566FCD /* SingleQuestionViewController.m */ = {isa = PBXFileReference; fileEncoding = 4; lastKnownFileType = sourcecode.c.objc; path = SingleQuestionViewController.m; sourceTree = "<group>"; };
		A1C4C4801543F3B400566FCD /* SingleQuestionViewController.xib */ = {isa = PBXFileReference; fileEncoding = 4; lastKnownFileType = file.xib; path = SingleQuestionViewController.xib; sourceTree = "<group>"; };
		A1C4C4831543F42200566FCD /* TempTableViewController.h */ = {isa = PBXFileReference; fileEncoding = 4; lastKnownFileType = sourcecode.c.h; path = TempTableViewController.h; sourceTree = "<group>"; };
		A1C4C4841543F42200566FCD /* TempTableViewController.m */ = {isa = PBXFileReference; fileEncoding = 4; lastKnownFileType = sourcecode.c.objc; path = TempTableViewController.m; sourceTree = "<group>"; };
		A1C4C48C1543FAC200566FCD /* QuestionHeaderView.h */ = {isa = PBXFileReference; fileEncoding = 4; lastKnownFileType = sourcecode.c.h; path = QuestionHeaderView.h; sourceTree = "<group>"; };
		A1C4C48D1543FAC200566FCD /* QuestionHeaderView.m */ = {isa = PBXFileReference; fileEncoding = 4; lastKnownFileType = sourcecode.c.objc; path = QuestionHeaderView.m; sourceTree = "<group>"; };
		A1C4C48F1543FAD900566FCD /* QuestionHeaderView.xib */ = {isa = PBXFileReference; fileEncoding = 4; lastKnownFileType = file.xib; path = QuestionHeaderView.xib; sourceTree = "<group>"; };
		A1C4C4911543FEA500566FCD /* AnswerTableViewCell.h */ = {isa = PBXFileReference; fileEncoding = 4; lastKnownFileType = sourcecode.c.h; path = AnswerTableViewCell.h; sourceTree = "<group>"; };
		A1C4C4921543FEA500566FCD /* AnswerTableViewCell.m */ = {isa = PBXFileReference; fileEncoding = 4; lastKnownFileType = sourcecode.c.objc; path = AnswerTableViewCell.m; sourceTree = "<group>"; };
		A1C4C4941543FEC700566FCD /* AnswerTableViewCell.xib */ = {isa = PBXFileReference; fileEncoding = 4; lastKnownFileType = file.xib; path = AnswerTableViewCell.xib; sourceTree = "<group>"; };
		A1C4C4A2154410A700566FCD /* CustomNavigationBar.h */ = {isa = PBXFileReference; fileEncoding = 4; lastKnownFileType = sourcecode.c.h; path = CustomNavigationBar.h; sourceTree = "<group>"; };
		A1C4C4A3154410A700566FCD /* CustomNavigationBar.m */ = {isa = PBXFileReference; fileEncoding = 4; lastKnownFileType = sourcecode.c.objc; path = CustomNavigationBar.m; sourceTree = "<group>"; };
		A1C4C4A61544114100566FCD /* bar_button.png */ = {isa = PBXFileReference; lastKnownFileType = image.png; path = bar_button.png; sourceTree = "<group>"; };
/* End PBXFileReference section */

/* Begin PBXFrameworksBuildPhase section */
		A1C4C45B1543EEFF00566FCD /* Frameworks */ = {
			isa = PBXFrameworksBuildPhase;
			buildActionMask = 2147483647;
			files = (
				A1C4C4631543EEFF00566FCD /* UIKit.framework in Frameworks */,
				A1C4C4651543EEFF00566FCD /* Foundation.framework in Frameworks */,
				A1C4C4671543EEFF00566FCD /* CoreGraphics.framework in Frameworks */,
			);
			runOnlyForDeploymentPostprocessing = 0;
		};
/* End PBXFrameworksBuildPhase section */

/* Begin PBXGroup section */
		A1C4C4531543EEFF00566FCD = {
			isa = PBXGroup;
			children = (
				A1C4C4681543EEFF00566FCD /* ZhaoJieKou */,
				A1C4C4611543EEFF00566FCD /* Frameworks */,
				A1C4C45F1543EEFF00566FCD /* Products */,
			);
			sourceTree = "<group>";
		};
		A1C4C45F1543EEFF00566FCD /* Products */ = {
			isa = PBXGroup;
			children = (
				A1C4C45E1543EEFF00566FCD /* ZhaoJieKou.app */,
			);
			name = Products;
			sourceTree = "<group>";
		};
		A1C4C4611543EEFF00566FCD /* Frameworks */ = {
			isa = PBXGroup;
			children = (
				A1C4C4621543EEFF00566FCD /* UIKit.framework */,
				A1C4C4641543EEFF00566FCD /* Foundation.framework */,
				A1C4C4661543EEFF00566FCD /* CoreGraphics.framework */,
			);
			name = Frameworks;
			sourceTree = "<group>";
		};
		A1C4C4681543EEFF00566FCD /* ZhaoJieKou */ = {
			isa = PBXGroup;
			children = (
				A1C4C48B1543FA9B00566FCD /* Controller */,
				A1C4C48A1543FA9300566FCD /* View */,
				A1C4C4711543EEFF00566FCD /* AppDelegate.h */,
				A1C4C4721543EEFF00566FCD /* AppDelegate.m */,
				A1C4C4691543EEFF00566FCD /* Supporting Files */,
				A1C4C4831543F42200566FCD /* TempTableViewController.h */,
				A1C4C4841543F42200566FCD /* TempTableViewController.m */,
			);
			path = ZhaoJieKou;
			sourceTree = "<group>";
		};
		A1C4C4691543EEFF00566FCD /* Supporting Files */ = {
			isa = PBXGroup;
			children = (
				A1C4C4A61544114100566FCD /* bar_button.png */,
				A1C4C46A1543EEFF00566FCD /* ZhaoJieKou-Info.plist */,
				A1C4C46B1543EEFF00566FCD /* InfoPlist.strings */,
				A1C4C46E1543EEFF00566FCD /* main.m */,
				A1C4C4701543EEFF00566FCD /* ZhaoJieKou-Prefix.pch */,
			);
			name = "Supporting Files";
			sourceTree = "<group>";
		};
		A1C4C48A1543FA9300566FCD /* View */ = {
			isa = PBXGroup;
			children = (
				A1C4C4A2154410A700566FCD /* CustomNavigationBar.h */,
				A1C4C4A3154410A700566FCD /* CustomNavigationBar.m */,
				A1C4C48C1543FAC200566FCD /* QuestionHeaderView.h */,
				A1C4C48D1543FAC200566FCD /* QuestionHeaderView.m */,
				A1C4C48F1543FAD900566FCD /* QuestionHeaderView.xib */,
				A1C4C4911543FEA500566FCD /* AnswerTableViewCell.h */,
				A1C4C4921543FEA500566FCD /* AnswerTableViewCell.m */,
				A1C4C4941543FEC700566FCD /* AnswerTableViewCell.xib */,
			);
			name = View;
			sourceTree = "<group>";
		};
		A1C4C48B1543FA9B00566FCD /* Controller */ = {
			isa = PBXGroup;
			children = (
				A1C4C4791543EF6000566FCD /* FirstRootViewController.h */,
				A1C4C47A1543EF6000566FCD /* FirstRootViewController.m */,
				A1C4C47B1543EF6000566FCD /* FirstRootViewController.xib */,
				A1C4C47E1543F3B400566FCD /* SingleQuestionViewController.h */,
				A1C4C47F1543F3B400566FCD /* SingleQuestionViewController.m */,
				A1C4C4801543F3B400566FCD /* SingleQuestionViewController.xib */,
			);
			name = Controller;
			sourceTree = "<group>";
		};
/* End PBXGroup section */

/* Begin PBXNativeTarget section */
		A1C4C45D1543EEFF00566FCD /* ZhaoJieKou */ = {
			isa = PBXNativeTarget;
			buildConfigurationList = A1C4C4761543EEFF00566FCD /* Build configuration list for PBXNativeTarget "ZhaoJieKou" */;
			buildPhases = (
				A1C4C45A1543EEFF00566FCD /* Sources */,
				A1C4C45B1543EEFF00566FCD /* Frameworks */,
				A1C4C45C1543EEFF00566FCD /* Resources */,
			);
			buildRules = (
			);
			dependencies = (
			);
			name = ZhaoJieKou;
			productName = ZhaoJieKou;
			productReference = A1C4C45E1543EEFF00566FCD /* ZhaoJieKou.app */;
			productType = "com.apple.product-type.application";
		};
/* End PBXNativeTarget section */

/* Begin PBXProject section */
		A1C4C4551543EEFF00566FCD /* Project object */ = {
			isa = PBXProject;
			attributes = {
				LastUpgradeCheck = 0420;
			};
			buildConfigurationList = A1C4C4581543EEFF00566FCD /* Build configuration list for PBXProject "ZhaoJieKou" */;
			compatibilityVersion = "Xcode 3.2";
			developmentRegion = English;
			hasScannedForEncodings = 0;
			knownRegions = (
				en,
			);
			mainGroup = A1C4C4531543EEFF00566FCD;
			productRefGroup = A1C4C45F1543EEFF00566FCD /* Products */;
			projectDirPath = "";
			projectRoot = "";
			targets = (
				A1C4C45D1543EEFF00566FCD /* ZhaoJieKou */,
			);
		};
/* End PBXProject section */

/* Begin PBXResourcesBuildPhase section */
		A1C4C45C1543EEFF00566FCD /* Resources */ = {
			isa = PBXResourcesBuildPhase;
			buildActionMask = 2147483647;
			files = (
				A1C4C46D1543EEFF00566FCD /* InfoPlist.strings in Resources */,
				A1C4C47D1543EF6000566FCD /* FirstRootViewController.xib in Resources */,
				A1C4C4821543F3B400566FCD /* SingleQuestionViewController.xib in Resources */,
				A1C4C4901543FADA00566FCD /* QuestionHeaderView.xib in Resources */,
				A1C4C4951543FEC700566FCD /* AnswerTableViewCell.xib in Resources */,
				A1C4C4A71544114100566FCD /* bar_button.png in Resources */,
			);
			runOnlyForDeploymentPostprocessing = 0;
		};
/* End PBXResourcesBuildPhase section */

/* Begin PBXSourcesBuildPhase section */
		A1C4C45A1543EEFF00566FCD /* Sources */ = {
			isa = PBXSourcesBuildPhase;
			buildActionMask = 2147483647;
			files = (
				A1C4C46F1543EEFF00566FCD /* main.m in Sources */,
				A1C4C4731543EEFF00566FCD /* AppDelegate.m in Sources */,
				A1C4C47C1543EF6000566FCD /* FirstRootViewController.m in Sources */,
				A1C4C4811543F3B400566FCD /* SingleQuestionViewController.m in Sources */,
				A1C4C4851543F42200566FCD /* TempTableViewController.m in Sources */,
				A1C4C48E1543FAC200566FCD /* QuestionHeaderView.m in Sources */,
				A1C4C4931543FEA500566FCD /* AnswerTableViewCell.m in Sources */,
				A1C4C4A4154410A700566FCD /* CustomNavigationBar.m in Sources */,
			);
			runOnlyForDeploymentPostprocessing = 0;
		};
/* End PBXSourcesBuildPhase section */

/* Begin PBXVariantGroup section */
		A1C4C46B1543EEFF00566FCD /* InfoPlist.strings */ = {
			isa = PBXVariantGroup;
			children = (
				A1C4C46C1543EEFF00566FCD /* en */,
			);
			name = InfoPlist.strings;
			sourceTree = "<group>";
		};
/* End PBXVariantGroup section */

/* Begin XCBuildConfiguration section */
		A1C4C4741543EEFF00566FCD /* Debug */ = {
			isa = XCBuildConfiguration;
			buildSettings = {
				ALWAYS_SEARCH_USER_PATHS = NO;
				ARCHS = "$(ARCHS_STANDARD_32_BIT)";
				"CODE_SIGN_IDENTITY[sdk=iphoneos*]" = "iPhone Developer";
				COPY_PHASE_STRIP = NO;
				GCC_C_LANGUAGE_STANDARD = gnu99;
				GCC_DYNAMIC_NO_PIC = NO;
				GCC_OPTIMIZATION_LEVEL = 0;
				GCC_PREPROCESSOR_DEFINITIONS = (
					"DEBUG=1",
					"$(inherited)",
				);
				GCC_SYMBOLS_PRIVATE_EXTERN = NO;
				GCC_VERSION = com.apple.compilers.llvm.clang.1_0;
				GCC_WARN_ABOUT_MISSING_PROTOTYPES = YES;
				GCC_WARN_ABOUT_RETURN_TYPE = YES;
				GCC_WARN_UNUSED_VARIABLE = YES;
				IPHONEOS_DEPLOYMENT_TARGET = 5.0;
				SDKROOT = iphoneos;
			};
			name = Debug;
		};
		A1C4C4751543EEFF00566FCD /* Release */ = {
			isa = XCBuildConfiguration;
			buildSettings = {
				ALWAYS_SEARCH_USER_PATHS = NO;
				ARCHS = "$(ARCHS_STANDARD_32_BIT)";
				"CODE_SIGN_IDENTITY[sdk=iphoneos*]" = "iPhone Developer";
				COPY_PHASE_STRIP = YES;
				GCC_C_LANGUAGE_STANDARD = gnu99;
				GCC_VERSION = com.apple.compilers.llvm.clang.1_0;
				GCC_WARN_ABOUT_MISSING_PROTOTYPES = YES;
				GCC_WARN_ABOUT_RETURN_TYPE = YES;
				GCC_WARN_UNUSED_VARIABLE = YES;
				IPHONEOS_DEPLOYMENT_TARGET = 5.0;
				OTHER_CFLAGS = "-DNS_BLOCK_ASSERTIONS=1";
				SDKROOT = iphoneos;
				VALIDATE_PRODUCT = YES;
			};
			name = Release;
		};
		A1C4C4771543EEFF00566FCD /* Debug */ = {
			isa = XCBuildConfiguration;
			buildSettings = {
				GCC_PRECOMPILE_PREFIX_HEADER = YES;
				GCC_PREFIX_HEADER = "ZhaoJieKou/ZhaoJieKou-Prefix.pch";
				INFOPLIST_FILE = "ZhaoJieKou/ZhaoJieKou-Info.plist";
				PRODUCT_NAME = "$(TARGET_NAME)";
				WRAPPER_EXTENSION = app;
			};
			name = Debug;
		};
		A1C4C4781543EEFF00566FCD /* Release */ = {
			isa = XCBuildConfiguration;
			buildSettings = {
				GCC_PRECOMPILE_PREFIX_HEADER = YES;
				GCC_PREFIX_HEADER = "ZhaoJieKou/ZhaoJieKou-Prefix.pch";
				INFOPLIST_FILE = "ZhaoJieKou/ZhaoJieKou-Info.plist";
				PRODUCT_NAME = "$(TARGET_NAME)";
				WRAPPER_EXTENSION = app;
			};
			name = Release;
		};
/* End XCBuildConfiguration section */

/* Begin XCConfigurationList section */
		A1C4C4581543EEFF00566FCD /* Build configuration list for PBXProject "ZhaoJieKou" */ = {
			isa = XCConfigurationList;
			buildConfigurations = (
				A1C4C4741543EEFF00566FCD /* Debug */,
				A1C4C4751543EEFF00566FCD /* Release */,
			);
			defaultConfigurationIsVisible = 0;
			defaultConfigurationName = Release;
		};
		A1C4C4761543EEFF00566FCD /* Build configuration list for PBXNativeTarget "ZhaoJieKou" */ = {
			isa = XCConfigurationList;
			buildConfigurations = (
				A1C4C4771543EEFF00566FCD /* Debug */,
				A1C4C4781543EEFF00566FCD /* Release */,
			);
			defaultConfigurationIsVisible = 0;
			defaultConfigurationName = Release;
		};
/* End XCConfigurationList section */
	};
	rootObject = A1C4C4551543EEFF00566FCD /* Project object */;
}
